
Microsoft Visual Studio Solution File, Format Version 12.00
# Visual Studio 15
VisualStudioVersion = 15.0.28307.757
MinimumVisualStudioVersion = 10.0.40219.1
Project("{FAE04EC0-301F-11D3-BF4B-00C04F79EFBC}") = "Presentacion", "Presentacion\Presentacion.csproj", "{F7C42715-CC3B-45CF-993E-E2611573E391}"
EndProject
Project("{FAE04EC0-301F-11D3-BF4B-00C04F79EFBC}") = "Presentacion.Test", "PresentacionTest\Presentacion.Test.csproj", "{DA8F65F6-3C69-43CF-A9A9-7BC493DBE492}"
EndProject
Project("{FAE04EC0-301F-11D3-BF4B-00C04F79EFBC}") = "Infraestructura", "Infraestructura\Infraestructura.csproj", "{4E58195B-8A28-4413-A71F-71804525BAF7}"
EndProject
Project("{FAE04EC0-301F-11D3-BF4B-00C04F79EFBC}") = "Aplicacion", "Aplicacion\Aplicacion.csproj", "{1202673C-2DDE-4F11-9AFB-1C01315D93A0}"
EndProject
Project("{FAE04EC0-301F-11D3-BF4B-00C04F79EFBC}") = "Aplicacion.Test", "AplicacionTest.Tests\Aplicacion.Test.csproj", "{C74D62AB-44EE-44AD-97CD-19F02A64BAA1}"
EndProject
Project("{FAE04EC0-301F-11D3-BF4B-00C04F79EFBC}") = "Dominio", "Dominio\Dominio.csproj", "{E1195A75-8794-43B7-9EA3-D37402B9212C}"
EndProject
Project("{FAE04EC0-301F-11D3-BF4B-00C04F79EFBC}") = "Dominio.Test", "DominioTest.Tests\Dominio.Test.csproj", "{2FD3F6AC-2C28-42BB-92C0-BB13DCF4598F}"
EndProject
Global
	GlobalSection(SolutionConfigurationPlatforms) = preSolution
		Debug|Any CPU = Debug|Any CPU
		Release|Any CPU = Release|Any CPU
	EndGlobalSection
	GlobalSection(ProjectConfigurationPlatforms) = postSolution
		{F7C42715-CC3B-45CF-993E-E2611573E391}.Debug|Any CPU.ActiveCfg = Debug|Any CPU
		{F7C42715-CC3B-45CF-993E-E2611573E391}.Debug|Any CPU.Build.0 = Debug|Any CPU
		{F7C42715-CC3B-45CF-993E-E2611573E391}.Release|Any CPU.ActiveCfg = Release|Any CPU
		{F7C42715-CC3B-45CF-993E-E2611573E391}.Release|Any CPU.Build.0 = Release|Any CPU
		{DA8F65F6-3C69-43CF-A9A9-7BC493DBE492}.Debug|Any CPU.ActiveCfg = Debug|Any CPU
		{DA8F65F6-3C69-43CF-A9A9-7BC493DBE492}.Debug|Any CPU.Build.0 = Debug|Any CPU
		{DA8F65F6-3C69-43CF-A9A9-7BC493DBE492}.Release|Any CPU.ActiveCfg = Release|Any CPU
		{DA8F65F6-3C69-43CF-A9A9-7BC493DBE492}.Release|Any CPU.Build.0 = Release|Any CPU
		{4E58195B-8A28-4413-A71F-71804525BAF7}.Debug|Any CPU.ActiveCfg = Debug|Any CPU
		{4E58195B-8A28-4413-A71F-71804525BAF7}.Debug|Any CPU.Build.0 = Debug|Any CPU
		{4E58195B-8A28-4413-A71F-71804525BAF7}.Release|Any CPU.ActiveCfg = Release|Any CPU
		{4E58195B-8A28-4413-A71F-71804525BAF7}.Release|Any CPU.Build.0 = Release|Any CPU
		{1202673C-2DDE-4F11-9AFB-1C01315D93A0}.Debug|Any CPU.ActiveCfg = Debug|Any CPU
		{1202673C-2DDE-4F11-9AFB-1C01315D93A0}.Debug|Any CPU.Build.0 = Debug|Any CPU
		{1202673C-2DDE-4F11-9AFB-1C01315D93A0}.Release|Any CPU.ActiveCfg = Release|Any CPU
		{1202673C-2DDE-4F11-9AFB-1C01315D93A0}.Release|Any CPU.Build.0 = Release|Any CPU
		{C74D62AB-44EE-44AD-97CD-19F02A64BAA1}.Debug|Any CPU.ActiveCfg = Debug|Any CPU
		{C74D62AB-44EE-44AD-97CD-19F02A64BAA1}.Debug|Any CPU.Build.0 = Debug|Any CPU
		{C74D62AB-44EE-44AD-97CD-19F02A64BAA1}.Release|Any CPU.ActiveCfg = Release|Any CPU
		{C74D62AB-44EE-44AD-97CD-19F02A64BAA1}.Release|Any CPU.Build.0 = Release|Any CPU
		{E1195A75-8794-43B7-9EA3-D37402B9212C}.Debug|Any CPU.ActiveCfg = Debug|Any CPU
		{E1195A75-8794-43B7-9EA3-D37402B9212C}.Debug|Any CPU.Build.0 = Debug|Any CPU
		{E1195A75-8794-43B7-9EA3-D37402B9212C}.Release|Any CPU.ActiveCfg = Release|Any CPU
		{E1195A75-8794-43B7-9EA3-D37402B9212C}.Release|Any CPU.Build.0 = Release|Any CPU
		{2FD3F6AC-2C28-42BB-92C0-BB13DCF4598F}.Debug|Any CPU.ActiveCfg = Debug|Any CPU
		{2FD3F6AC-2C28-42BB-92C0-BB13DCF4598F}.Debug|Any CPU.Build.0 = Debug|Any CPU
		{2FD3F6AC-2C28-42BB-92C0-BB13DCF4598F}.Release|Any CPU.ActiveCfg = Release|Any CPU
		{2FD3F6AC-2C28-42BB-92C0-BB13DCF4598F}.Release|Any CPU.Build.0 = Release|Any CPU
	EndGlobalSection
	GlobalSection(SolutionProperties) = preSolution
		HideSolutionNode = FALSE
	EndGlobalSection
	GlobalSection(ExtensibilityGlobals) = postSolution
		SolutionGuid = {AE43BD5E-C8F5-4158-9ADC-43719C618F08}
	EndGlobalSection
EndGlobal
